<Solution>
  <Folder Name="/crosslang/">
    <Project Path="crosslang/CSharpPeer/CSharpPeer.csproj" />
    <Project Path="crosslang/Protobus.CrossLang.Tests/Protobus.CrossLang.Tests.csproj" />
  </Folder>
  <Folder Name="/src/">
    <Project Path="src/Protobus.Codegen/Protobus.Codegen.csproj" />
    <Project Path="src/Protobus/Protobus.csproj" />
  </Folder>
  <Folder Name="/tests/">
    <Project Path="tests/Protobus.IntegrationTests/Protobus.IntegrationTests.csproj" />
    <Project Path="tests/Protobus.Tests/Protobus.Tests.csproj" />
  </Folder>
</Solution>
